
Microsoft Visual Studio Solution File, Format Version 12.00
# Visual Studio Version 17
VisualStudioVersion = 17.3.32825.248
MinimumVisualStudioVersion = 10.0.40219.1
Project("{FAE04EC0-301F-11D3-BF4B-00C04F79EFBC}") = "GunBulSW", "GunBulSW\GunBulSW.csproj", "{3CB09D00-8DF9-4598-B60A-419B99C01B70}"
EndProject
Global
	GlobalSection(SolutionConfigurationPlatforms) = preSolution
		Debug|Any CPU = Debug|Any CPU
		Release|Any CPU = Release|Any CPU
	EndGlobalSection
	GlobalSection(ProjectConfigurationPlatforms) = postSolution
		{3CB09D00-8DF9-4598-B60A-419B99C01B70}.Debug|Any CPU.ActiveCfg = Debug|Any CPU
		{3CB09D00-8DF9-4598-B60A-419B99C01B70}.Debug|Any CPU.Build.0 = Debug|Any CPU
		{3CB09D00-8DF9-4598-B60A-419B99C01B70}.Release|Any CPU.ActiveCfg = Release|Any CPU
		{3CB09D00-8DF9-4598-B60A-419B99C01B70}.Release|Any CPU.Build.0 = Release|Any CPU
	EndGlobalSection
	GlobalSection(SolutionProperties) = preSolution
		HideSolutionNode = FALSE
	EndGlobalSection
	GlobalSection(ExtensibilityGlobals) = postSolution
		SolutionGuid = {84C29993-EB5F-4C8A-8B8C-32E7FD094C6A}
	EndGlobalSection
EndGlobal
